
Microsoft Visual Studio Solution File, Format Version 12.00
# Visual Studio Version 17
VisualStudioVersion = 17.5.002.0
MinimumVisualStudioVersion = 10.0.40219.1
Project("{2150E333-8FDC-42A3-9474-1A3956D46DE8}") = "lesson1", "lesson1", "{2E559F38-125F-4B96-8A00-6DB2A45ADEB8}"
EndProject
Project("{9A19103F-16F7-4668-BE54-9A1E7A4F7556}") = "task1", "lesson1\Task1\task1.csproj", "{D49080A0-647A-45FC-A86E-05ACFA3FD395}"
EndProject
Global
	GlobalSection(SolutionConfigurationPlatforms) = preSolution
		Debug|Any CPU = Debug|Any CPU
		Release|Any CPU = Release|Any CPU
	EndGlobalSection
	GlobalSection(ProjectConfigurationPlatforms) = postSolution
		{D49080A0-647A-45FC-A86E-05ACFA3FD395}.Debug|Any CPU.ActiveCfg = Debug|Any CPU
		{D49080A0-647A-45FC-A86E-05ACFA3FD395}.Debug|Any CPU.Build.0 = Debug|Any CPU
		{D49080A0-647A-45FC-A86E-05ACFA3FD395}.Release|Any CPU.ActiveCfg = Release|Any CPU
		{D49080A0-647A-45FC-A86E-05ACFA3FD395}.Release|Any CPU.Build.0 = Release|Any CPU
	EndGlobalSection
	GlobalSection(SolutionProperties) = preSolution
		HideSolutionNode = FALSE
	EndGlobalSection
	GlobalSection(NestedProjects) = preSolution
		{D49080A0-647A-45FC-A86E-05ACFA3FD395} = {2E559F38-125F-4B96-8A00-6DB2A45ADEB8}
	EndGlobalSection
	GlobalSection(ExtensibilityGlobals) = postSolution
		SolutionGuid = {77ACFD1A-BB0A-49D1-8174-08BE14EFBD88}
	EndGlobalSection
EndGlobal
